
Microsoft Visual Studio Solution File, Format Version 12.00
# Visual Studio Version 16
VisualStudioVersion = 16.0.30204.135
MinimumVisualStudioVersion = 10.0.40219.1
Project("{9A19103F-16F7-4668-BE54-9A1E7A4F7556}") = "Core", "Core\Core.csproj", "{E9A0C644-8EAB-46DE-9E82-0DCB70C726B3}"
EndProject
Project("{9A19103F-16F7-4668-BE54-9A1E7A4F7556}") = "Entities", "Entities\Entities.csproj", "{015ACC29-7536-44B9-BBDE-306E612E34EE}"
EndProject
Project("{9A19103F-16F7-4668-BE54-9A1E7A4F7556}") = "DataAccess", "DataAccess\DataAccess.csproj", "{FDC1D107-423E-40AE-84C9-A5A995D9DE2E}"
EndProject
Project("{9A19103F-16F7-4668-BE54-9A1E7A4F7556}") = "Business", "Business\Business.csproj", "{403B408C-8C5C-4140-8DEE-6A454B310223}"
EndProject
Project("{9A19103F-16F7-4668-BE54-9A1E7A4F7556}") = "WebUI", "WebUI\WebUI.csproj", "{C6CCE90F-6A5F-47BF-B181-8AD65E675B89}"
EndProject
Global
	GlobalSection(SolutionConfigurationPlatforms) = preSolution
		Debug|Any CPU = Debug|Any CPU
		Release|Any CPU = Release|Any CPU
	EndGlobalSection
	GlobalSection(ProjectConfigurationPlatforms) = postSolution
		{E9A0C644-8EAB-46DE-9E82-0DCB70C726B3}.Debug|Any CPU.ActiveCfg = Debug|Any CPU
		{E9A0C644-8EAB-46DE-9E82-0DCB70C726B3}.Debug|Any CPU.Build.0 = Debug|Any CPU
		{E9A0C644-8EAB-46DE-9E82-0DCB70C726B3}.Release|Any CPU.ActiveCfg = Release|Any CPU
		{E9A0C644-8EAB-46DE-9E82-0DCB70C726B3}.Release|Any CPU.Build.0 = Release|Any CPU
		{015ACC29-7536-44B9-BBDE-306E612E34EE}.Debug|Any CPU.ActiveCfg = Debug|Any CPU
		{015ACC29-7536-44B9-BBDE-306E612E34EE}.Debug|Any CPU.Build.0 = Debug|Any CPU
		{015ACC29-7536-44B9-BBDE-306E612E34EE}.Release|Any CPU.ActiveCfg = Release|Any CPU
		{015ACC29-7536-44B9-BBDE-306E612E34EE}.Release|Any CPU.Build.0 = Release|Any CPU
		{FDC1D107-423E-40AE-84C9-A5A995D9DE2E}.Debug|Any CPU.ActiveCfg = Debug|Any CPU
		{FDC1D107-423E-40AE-84C9-A5A995D9DE2E}.Debug|Any CPU.Build.0 = Debug|Any CPU
		{FDC1D107-423E-40AE-84C9-A5A995D9DE2E}.Release|Any CPU.ActiveCfg = Release|Any CPU
		{FDC1D107-423E-40AE-84C9-A5A995D9DE2E}.Release|Any CPU.Build.0 = Release|Any CPU
		{403B408C-8C5C-4140-8DEE-6A454B310223}.Debug|Any CPU.ActiveCfg = Debug|Any CPU
		{403B408C-8C5C-4140-8DEE-6A454B310223}.Debug|Any CPU.Build.0 = Debug|Any CPU
		{403B408C-8C5C-4140-8DEE-6A454B310223}.Release|Any CPU.ActiveCfg = Release|Any CPU
		{403B408C-8C5C-4140-8DEE-6A454B310223}.Release|Any CPU.Build.0 = Release|Any CPU
		{C6CCE90F-6A5F-47BF-B181-8AD65E675B89}.Debug|Any CPU.ActiveCfg = Debug|Any CPU
		{C6CCE90F-6A5F-47BF-B181-8AD65E675B89}.Debug|Any CPU.Build.0 = Debug|Any CPU
		{C6CCE90F-6A5F-47BF-B181-8AD65E675B89}.Release|Any CPU.ActiveCfg = Release|Any CPU
		{C6CCE90F-6A5F-47BF-B181-8AD65E675B89}.Release|Any CPU.Build.0 = Release|Any CPU
	EndGlobalSection
	GlobalSection(SolutionProperties) = preSolution
		HideSolutionNode = FALSE
	EndGlobalSection
	GlobalSection(ExtensibilityGlobals) = postSolution
		SolutionGuid = {5ABD105E-00DC-4A96-B36C-46B18ACFB9F9}
	EndGlobalSection
EndGlobal
